
Microsoft Visual Studio Solution File, Format Version 12.00
# Visual Studio Version 17
VisualStudioVersion = 17.7.34221.43
MinimumVisualStudioVersion = 10.0.40219.1
Project("{FAE04EC0-301F-11D3-BF4B-00C04F79EFBC}") = "BGT_Gorsel_4Oca-1", "BGT_Gorsel_4Oca-1\BGT_Gorsel_4Oca-1.csproj", "{225F71DF-6FA3-4990-AE4E-0C9843C1FC7F}"
EndProject
Global
	GlobalSection(SolutionConfigurationPlatforms) = preSolution
		Debug|Any CPU = Debug|Any CPU
		Release|Any CPU = Release|Any CPU
	EndGlobalSection
	GlobalSection(ProjectConfigurationPlatforms) = postSolution
		{225F71DF-6FA3-4990-AE4E-0C9843C1FC7F}.Debug|Any CPU.ActiveCfg = Debug|Any CPU
		{225F71DF-6FA3-4990-AE4E-0C9843C1FC7F}.Debug|Any CPU.Build.0 = Debug|Any CPU
		{225F71DF-6FA3-4990-AE4E-0C9843C1FC7F}.Release|Any CPU.ActiveCfg = Release|Any CPU
		{225F71DF-6FA3-4990-AE4E-0C9843C1FC7F}.Release|Any CPU.Build.0 = Release|Any CPU
	EndGlobalSection
	GlobalSection(SolutionProperties) = preSolution
		HideSolutionNode = FALSE
	EndGlobalSection
	GlobalSection(ExtensibilityGlobals) = postSolution
		SolutionGuid = {3B86C1AF-1840-43A6-8C57-71C3E55E38E0}
	EndGlobalSection
EndGlobal
